
Microsoft Visual Studio Solution File, Format Version 12.00
# Visual Studio 15
VisualStudioVersion = 15.0.27428.2005
MinimumVisualStudioVersion = 10.0.40219.1
Project("{FAE04EC0-301F-11D3-BF4B-00C04F79EFBC}") = "UDPLoadBalancer", "UDPLoadBalancer\UDPLoadBalancer.csproj", "{D45EB7DE-173D-42E5-B4F1-1EF6D42AEE27}"
EndProject
Project("{FAE04EC0-301F-11D3-BF4B-00C04F79EFBC}") = "TestClient", "TestClient\TestClient.csproj", "{C69E7E9D-28E7-4733-91D1-55A252BF4580}"
EndProject
Project("{FAE04EC0-301F-11D3-BF4B-00C04F79EFBC}") = "Configurator", "Configurator\Configurator.csproj", "{9015E658-6EF7-4475-92C1-73165A213A71}"
EndProject
Global
	GlobalSection(SolutionConfigurationPlatforms) = preSolution
		Debug|Any CPU = Debug|Any CPU
		Release|Any CPU = Release|Any CPU
	EndGlobalSection
	GlobalSection(ProjectConfigurationPlatforms) = postSolution
		{D45EB7DE-173D-42E5-B4F1-1EF6D42AEE27}.Debug|Any CPU.ActiveCfg = Debug|Any CPU
		{D45EB7DE-173D-42E5-B4F1-1EF6D42AEE27}.Debug|Any CPU.Build.0 = Debug|Any CPU
		{D45EB7DE-173D-42E5-B4F1-1EF6D42AEE27}.Release|Any CPU.ActiveCfg = Release|Any CPU
		{D45EB7DE-173D-42E5-B4F1-1EF6D42AEE27}.Release|Any CPU.Build.0 = Release|Any CPU
		{C69E7E9D-28E7-4733-91D1-55A252BF4580}.Debug|Any CPU.ActiveCfg = Debug|Any CPU
		{C69E7E9D-28E7-4733-91D1-55A252BF4580}.Debug|Any CPU.Build.0 = Debug|Any CPU
		{C69E7E9D-28E7-4733-91D1-55A252BF4580}.Release|Any CPU.ActiveCfg = Release|Any CPU
		{C69E7E9D-28E7-4733-91D1-55A252BF4580}.Release|Any CPU.Build.0 = Release|Any CPU
		{9015E658-6EF7-4475-92C1-73165A213A71}.Debug|Any CPU.ActiveCfg = Debug|Any CPU
		{9015E658-6EF7-4475-92C1-73165A213A71}.Debug|Any CPU.Build.0 = Debug|Any CPU
		{9015E658-6EF7-4475-92C1-73165A213A71}.Release|Any CPU.ActiveCfg = Release|Any CPU
		{9015E658-6EF7-4475-92C1-73165A213A71}.Release|Any CPU.Build.0 = Release|Any CPU
	EndGlobalSection
	GlobalSection(SolutionProperties) = preSolution
		HideSolutionNode = FALSE
	EndGlobalSection
	GlobalSection(ExtensibilityGlobals) = postSolution
		SolutionGuid = {70C45AB8-4C0A-4789-B851-A6D77C0A8C89}
	EndGlobalSection
EndGlobal
